{
  "name": "map",
  "version": "1.0.0",
  "lockfileVersion": 3,
  "requires": true,
  "packages": {
    "": {
      "name": "map",
      "version": "1.0.0",
      "license": "ISC",
      "dependencies": {
        "@syncfusion/ej2-react-maps": "^25.1.37"
      }
    },
    "node_modules/@syncfusion/ej2-base": {
      "version": "25.1.35",
      "resolved": "https://registry.npmjs.org/@syncfusion/ej2-base/-/ej2-base-25.1.35.tgz",
      "integrity": "sha512-eH/zLft7j5jhbNquVNcKoDmlx+ZU/77mHAJwpG9Ad4+C/+7UcWlIi/RDORJ0QreosZM4gMyCYzxDAZ5QOI3txw==",
      "dependencies": {
        "@syncfusion/ej2-icons": "~25.1.35"
      },
      "bin": {
        "syncfusion-license": "bin/syncfusion-license.js"
      }
    },
    "node_modules/@syncfusion/ej2-buttons": {
      "version": "25.1.35",
      "resolved": "https://registry.npmjs.org/@syncfusion/ej2-buttons/-/ej2-buttons-25.1.35.tgz",
      "integrity": "sha512-4a3+OAkHdaJTxRd/QJln7PglxDeRa9yGpnuFUDOUaA0sf7gvBKumBg5JP1llSpblKaK7JSRs42QOL/EG/d075g==",
      "dependencies": {
        "@syncfusion/ej2-base": "~25.1.35"
      }
    },
    "node_modules/@syncfusion/ej2-compression": {
      "version": "25.1.35",
      "resolved": "https://registry.npmjs.org/@syncfusion/ej2-compression/-/ej2-compression-25.1.35.tgz",
      "integrity": "sha512-x9q6l9BOkM1fowejGUuKWK2sYFgZH5HPoVUwPpFXKXFvbJgzzVCAng+7Yojz5DIK7dfrR4KCLvp9jjqCVqZ5/Q==",
      "dependencies": {
        "@syncfusion/ej2-file-utils": "~25.1.35"
      }
    },
    "node_modules/@syncfusion/ej2-data": {
      "version": "25.1.35",
      "resolved": "https://registry.npmjs.org/@syncfusion/ej2-data/-/ej2-data-25.1.35.tgz",
      "integrity": "sha512-eHWkoQcokKFiLUMpcw2IM1ul9v8HeRgIrUzowyWPpamuZASX8luczDy3VLR5AX0YeiE9aNv3QKsr04t4F1GRcQ==",
      "dependencies": {
        "@syncfusion/ej2-base": "~25.1.35"
      }
    },
    "node_modules/@syncfusion/ej2-file-utils": {
      "version": "25.1.35",
      "resolved": "https://registry.npmjs.org/@syncfusion/ej2-file-utils/-/ej2-file-utils-25.1.35.tgz",
      "integrity": "sha512-nBkZXnGtBt5MFpTkJdvvEKS65HGLa5UM1pQq34K/Cdx4YPlxzStQkVo4RyamXqwtadhLqmpKc9zGolHvUw7KvA=="
    },
    "node_modules/@syncfusion/ej2-icons": {
      "version": "25.1.35",
      "resolved": "https://registry.npmjs.org/@syncfusion/ej2-icons/-/ej2-icons-25.1.35.tgz",
      "integrity": "sha512-E8ypbeB9ISTsaj8Q29w3Ysh6HG35GOdTjfaU6JTCaZ9wP30q04B4WfN9lqcd42Q198qhynFAXd3lJyYev68aGw=="
    },
    "node_modules/@syncfusion/ej2-maps": {
      "version": "25.1.37",
      "resolved": "https://registry.npmjs.org/@syncfusion/ej2-maps/-/ej2-maps-25.1.37.tgz",
      "integrity": "sha512-LdxUxSCJDENZMumovx2Qs1jkVC3Ea5qwXlPI+IaBOcsR9+LOj+MNqcjzyRgRZpLX3/O24su+nUzRzJ9fkQHSlw==",
      "dependencies": {
        "@syncfusion/ej2-base": "~25.1.35",
        "@syncfusion/ej2-buttons": "~25.1.35",
        "@syncfusion/ej2-compression": "~25.1.35",
        "@syncfusion/ej2-data": "~25.1.35",
        "@syncfusion/ej2-file-utils": "~25.1.35",
        "@syncfusion/ej2-pdf-export": "~25.1.35",
        "@syncfusion/ej2-svg-base": "~25.1.37"
      }
    },
    "node_modules/@syncfusion/ej2-pdf-export": {
      "version": "25.1.35",
      "resolved": "https://registry.npmjs.org/@syncfusion/ej2-pdf-export/-/ej2-pdf-export-25.1.35.tgz",
      "integrity": "sha512-1Nt42y2n0/ExDfx93eV5aGJipU9rrJzvFa7xfRqtGObldll5S7yBpMKU6NDEoioeW+woOib4ea9+8vBtkQ+DnQ==",
      "dependencies": {
        "@syncfusion/ej2-compression": "~25.1.35"
      }
    },
    "node_modules/@syncfusion/ej2-react-base": {
      "version": "25.1.35",
      "resolved": "https://registry.npmjs.org/@syncfusion/ej2-react-base/-/ej2-react-base-25.1.35.tgz",
      "integrity": "sha512-chjK/THRwbRcQTKUL7NyP2VBjtS65uw6e0kieTsQvJ37c3ZZZ3/FpHt9jcqJisStrZ/xp4/y9uSPe6kqBGQBCg==",
      "dependencies": {
        "@syncfusion/ej2-base": "~25.1.35"
      }
    },
    "node_modules/@syncfusion/ej2-react-maps": {
      "version": "25.1.37",
      "resolved": "https://registry.npmjs.org/@syncfusion/ej2-react-maps/-/ej2-react-maps-25.1.37.tgz",
      "integrity": "sha512-LHo1Ay/RDlCWd+AlBy5HL5UZFvezpSEyQCU7S24gmCNOOFW3UcW9+/bkd7RTgR8jRaKFJLTdfpInHYWcrOhz8w==",
      "dependencies": {
        "@syncfusion/ej2-base": "~25.1.35",
        "@syncfusion/ej2-maps": "25.1.37",
        "@syncfusion/ej2-react-base": "~25.1.35"
      }
    },
    "node_modules/@syncfusion/ej2-svg-base": {
      "version": "25.1.37",
      "resolved": "https://registry.npmjs.org/@syncfusion/ej2-svg-base/-/ej2-svg-base-25.1.37.tgz",
      "integrity": "sha512-TQ2IOLRFKUJ1G+Oh9GIqxD0gI0JyD204kO/HH++eYeLJMcrysVYNOfWHlfGYzdQQ9bniZ67ZJjY5G/YDd7HGrQ==",
      "dependencies": {
        "@syncfusion/ej2-base": "~25.1.35"
      }
    }
  }
}
